
Microsoft Visual Studio Solution File, Format Version 12.00
# Visual Studio Version 17
VisualStudioVersion = 17.14.36603.0
MinimumVisualStudioVersion = 10.0.40219.1
Project("{2150E333-8FDC-42A3-9474-1A3956D46DE8}") = "Task0", "Task0", "{02EA681E-C7D8-13C7-8484-4AC65E1B71E8}"
EndProject
Project("{FAE04EC0-301F-11D3-BF4B-00C04F79EFBC}") = "Tyuiu.VegerinaVV.Sprint6.Task0.V18.Lib", "Tyuiu.VegerinaVV.Sprint6.Task0.V18.Lib\Tyuiu.VegerinaVV.Sprint6.Task0.V18.Lib.csproj", "{FC2E4639-E2B6-4051-BC89-AED72862E329}"
EndProject
Project("{FAE04EC0-301F-11D3-BF4B-00C04F79EFBC}") = "Tyuiu.VegerinaVV.Sprint6.Task0.V18.Test", "Tyuiu.VegerinaVV.Sprint6.Task0.V18.Test\Tyuiu.VegerinaVV.Sprint6.Task0.V18.Test.csproj", "{9CB65E09-2ACA-42EE-BE22-DC566863A99D}"
EndProject
Project("{FAE04EC0-301F-11D3-BF4B-00C04F79EFBC}") = "Tyuiu.VegerinaVV.Sprint6.Task0.V18", "Tyuiu.VegerinaVV.Sprint6.Task0.V18\Tyuiu.VegerinaVV.Sprint6.Task0.V18.csproj", "{8F991B17-4773-41A7-AC1D-701A689E058C}"
EndProject
Project("{2150E333-8FDC-42A3-9474-1A3956D46DE8}") = "Task1", "Task1", "{DD499162-0F7D-4E4B-AE56-F759ACD400BC}"
EndProject
Project("{FAE04EC0-301F-11D3-BF4B-00C04F79EFBC}") = "Tyuiu.VegerinaVV.Sprint6.Task1.V8.Lib", "Tyuiu.VegerinaVV.Sprint6.Task1.V8.Lib\Tyuiu.VegerinaVV.Sprint6.Task1.V8.Lib.csproj", "{8A644763-613F-418A-BCEE-67F0A79A5D98}"
EndProject
Project("{FAE04EC0-301F-11D3-BF4B-00C04F79EFBC}") = "Tyuiu.VegerinaVV.Sprint6.Task1.V8.Test", "Tyuiu.VegerinaVV.Sprint6.Task1.V8.Test\Tyuiu.VegerinaVV.Sprint6.Task1.V8.Test.csproj", "{849DB9B9-7B1C-4FA1-BA14-C116C26234BE}"
EndProject
Project("{FAE04EC0-301F-11D3-BF4B-00C04F79EFBC}") = "Tyuiu.VegerinaVV.Sprint6.Task1.V8", "Tyuiu.VegerinaVV.Sprint6.Task1.V8\Tyuiu.VegerinaVV.Sprint6.Task1.V8.csproj", "{D9E8F965-4EA5-426E-A85D-CF6162F5317E}"
EndProject
Project("{2150E333-8FDC-42A3-9474-1A3956D46DE8}") = "Task2", "Task2", "{FC97A050-FFBF-48C6-8D5F-2343CDE3FA6D}"
EndProject
Project("{FAE04EC0-301F-11D3-BF4B-00C04F79EFBC}") = "Tyuiu.VegerinaVV.Sprint6.Task2.V28.Lib", "Tyuiu.VegerinaVV.Sprint6.Task2.V28.Lib\Tyuiu.VegerinaVV.Sprint6.Task2.V28.Lib.csproj", "{53605DBB-9E79-460E-B0A7-51F21DCD4526}"
EndProject
Project("{FAE04EC0-301F-11D3-BF4B-00C04F79EFBC}") = "Tyuiu.VegerinaVV.Sprint6.Task2.V28.Test", "Tyuiu.VegerinaVV.Sprint6.Task2.V28.Test\Tyuiu.VegerinaVV.Sprint6.Task2.V28.Test.csproj", "{78ABE6DA-B39B-4EC8-8C04-F43F0EB3019F}"
EndProject
Project("{FAE04EC0-301F-11D3-BF4B-00C04F79EFBC}") = "Tyuiu.VegerinaVV.Sprint6.Task2.V28", "Tyuiu.VegerinaVV.Sprint6.Task2.V28\Tyuiu.VegerinaVV.Sprint6.Task2.V28.csproj", "{0EBE058B-9A65-4B6F-941B-7C7BE60215CE}"
EndProject
Project("{2150E333-8FDC-42A3-9474-1A3956D46DE8}") = "Task3", "Task3", "{AEA0F2F8-FE52-4E51-80B3-02963490C003}"
EndProject
Project("{FAE04EC0-301F-11D3-BF4B-00C04F79EFBC}") = "Tyuiu.VegerinaVV.Sprint6.Task3.V18.Lib", "Tyuiu.VegerinaVV.Sprint6.Task3.V18.Lib\Tyuiu.VegerinaVV.Sprint6.Task3.V18.Lib.csproj", "{426DA87C-11CD-4EE9-9C06-8A6C449D48E0}"
EndProject
Project("{FAE04EC0-301F-11D3-BF4B-00C04F79EFBC}") = "Tyuiu.VegerinaVV.Sprint6.Task3.V18.Test", "Tyuiu.VegerinaVV.Sprint6.Task3.V18.Test\Tyuiu.VegerinaVV.Sprint6.Task3.V18.Test.csproj", "{0E59B26D-D88D-4858-A77F-514BFD735A83}"
EndProject
Project("{FAE04EC0-301F-11D3-BF4B-00C04F79EFBC}") = "Tyuiu.VegerinaVV.Sprint6.Task3.V18", "Tyuiu.VegerinaVV.Sprint6.Task3.V18\Tyuiu.VegerinaVV.Sprint6.Task3.V18.csproj", "{046BA72B-394C-4087-A648-911658428272}"
EndProject
Project("{2150E333-8FDC-42A3-9474-1A3956D46DE8}") = "Task4", "Task4", "{B886AC06-E08E-42BE-B56C-D27A36483E99}"
EndProject
Project("{FAE04EC0-301F-11D3-BF4B-00C04F79EFBC}") = "Tyuiu.VegerinaVV.Sprint6.Task4.V26.Lib", "Tyuiu.VegerinaVV.Sprint6.Task4.V26.Lib\Tyuiu.VegerinaVV.Sprint6.Task4.V26.Lib.csproj", "{498E534E-DD3C-4250-B1CD-B399602927B7}"
EndProject
Project("{FAE04EC0-301F-11D3-BF4B-00C04F79EFBC}") = "Tyuiu.VegerinaVV.Sprint6.Task4.V26.Test", "Tyuiu.VegerinaVV.Sprint6.Task4.V26.Test\Tyuiu.VegerinaVV.Sprint6.Task4.V26.Test.csproj", "{3F4BA1FC-7BEB-4E53-A29C-EC4AA0B02C9C}"
EndProject
Project("{FAE04EC0-301F-11D3-BF4B-00C04F79EFBC}") = "Tyuiu.VegerinaVV.Sprint6.Task4.V26", "Tyuiu.VegerinaVV.Sprint6.Task4.V26\Tyuiu.VegerinaVV.Sprint6.Task4.V26.csproj", "{824A1107-3D84-4E8E-B4F7-7506AE47D1FE}"
EndProject
Global
	GlobalSection(SolutionConfigurationPlatforms) = preSolution
		Debug|Any CPU = Debug|Any CPU
		Release|Any CPU = Release|Any CPU
	EndGlobalSection
	GlobalSection(ProjectConfigurationPlatforms) = postSolution
		{FC2E4639-E2B6-4051-BC89-AED72862E329}.Debug|Any CPU.ActiveCfg = Debug|Any CPU
		{FC2E4639-E2B6-4051-BC89-AED72862E329}.Debug|Any CPU.Build.0 = Debug|Any CPU
		{FC2E4639-E2B6-4051-BC89-AED72862E329}.Release|Any CPU.ActiveCfg = Release|Any CPU
		{FC2E4639-E2B6-4051-BC89-AED72862E329}.Release|Any CPU.Build.0 = Release|Any CPU
		{9CB65E09-2ACA-42EE-BE22-DC566863A99D}.Debug|Any CPU.ActiveCfg = Debug|Any CPU
		{9CB65E09-2ACA-42EE-BE22-DC566863A99D}.Debug|Any CPU.Build.0 = Debug|Any CPU
		{9CB65E09-2ACA-42EE-BE22-DC566863A99D}.Release|Any CPU.ActiveCfg = Release|Any CPU
		{9CB65E09-2ACA-42EE-BE22-DC566863A99D}.Release|Any CPU.Build.0 = Release|Any CPU
		{8F991B17-4773-41A7-AC1D-701A689E058C}.Debug|Any CPU.ActiveCfg = Debug|Any CPU
		{8F991B17-4773-41A7-AC1D-701A689E058C}.Debug|Any CPU.Build.0 = Debug|Any CPU
		{8F991B17-4773-41A7-AC1D-701A689E058C}.Release|Any CPU.ActiveCfg = Release|Any CPU
		{8F991B17-4773-41A7-AC1D-701A689E058C}.Release|Any CPU.Build.0 = Release|Any CPU
		{8A644763-613F-418A-BCEE-67F0A79A5D98}.Debug|Any CPU.ActiveCfg = Debug|Any CPU
		{8A644763-613F-418A-BCEE-67F0A79A5D98}.Debug|Any CPU.Build.0 = Debug|Any CPU
		{8A644763-613F-418A-BCEE-67F0A79A5D98}.Release|Any CPU.ActiveCfg = Release|Any CPU
		{8A644763-613F-418A-BCEE-67F0A79A5D98}.Release|Any CPU.Build.0 = Release|Any CPU
		{849DB9B9-7B1C-4FA1-BA14-C116C26234BE}.Debug|Any CPU.ActiveCfg = Debug|Any CPU
		{849DB9B9-7B1C-4FA1-BA14-C116C26234BE}.Debug|Any CPU.Build.0 = Debug|Any CPU
		{849DB9B9-7B1C-4FA1-BA14-C116C26234BE}.Release|Any CPU.ActiveCfg = Release|Any CPU
		{849DB9B9-7B1C-4FA1-BA14-C116C26234BE}.Release|Any CPU.Build.0 = Release|Any CPU
		{D9E8F965-4EA5-426E-A85D-CF6162F5317E}.Debug|Any CPU.ActiveCfg = Debug|Any CPU
		{D9E8F965-4EA5-426E-A85D-CF6162F5317E}.Debug|Any CPU.Build.0 = Debug|Any CPU
		{D9E8F965-4EA5-426E-A85D-CF6162F5317E}.Release|Any CPU.ActiveCfg = Release|Any CPU
		{D9E8F965-4EA5-426E-A85D-CF6162F5317E}.Release|Any CPU.Build.0 = Release|Any CPU
		{53605DBB-9E79-460E-B0A7-51F21DCD4526}.Debug|Any CPU.ActiveCfg = Debug|Any CPU
		{53605DBB-9E79-460E-B0A7-51F21DCD4526}.Debug|Any CPU.Build.0 = Debug|Any CPU
		{53605DBB-9E79-460E-B0A7-51F21DCD4526}.Release|Any CPU.ActiveCfg = Release|Any CPU
		{53605DBB-9E79-460E-B0A7-51F21DCD4526}.Release|Any CPU.Build.0 = Release|Any CPU
		{78ABE6DA-B39B-4EC8-8C04-F43F0EB3019F}.Debug|Any CPU.ActiveCfg = Debug|Any CPU
		{78ABE6DA-B39B-4EC8-8C04-F43F0EB3019F}.Debug|Any CPU.Build.0 = Debug|Any CPU
		{78ABE6DA-B39B-4EC8-8C04-F43F0EB3019F}.Release|Any CPU.ActiveCfg = Release|Any CPU
		{78ABE6DA-B39B-4EC8-8C04-F43F0EB3019F}.Release|Any CPU.Build.0 = Release|Any CPU
		{0EBE058B-9A65-4B6F-941B-7C7BE60215CE}.Debug|Any CPU.ActiveCfg = Debug|Any CPU
		{0EBE058B-9A65-4B6F-941B-7C7BE60215CE}.Debug|Any CPU.Build.0 = Debug|Any CPU
		{0EBE058B-9A65-4B6F-941B-7C7BE60215CE}.Release|Any CPU.ActiveCfg = Release|Any CPU
		{0EBE058B-9A65-4B6F-941B-7C7BE60215CE}.Release|Any CPU.Build.0 = Release|Any CPU
		{426DA87C-11CD-4EE9-9C06-8A6C449D48E0}.Debug|Any CPU.ActiveCfg = Debug|Any CPU
		{426DA87C-11CD-4EE9-9C06-8A6C449D48E0}.Debug|Any CPU.Build.0 = Debug|Any CPU
		{426DA87C-11CD-4EE9-9C06-8A6C449D48E0}.Release|Any CPU.ActiveCfg = Release|Any CPU
		{426DA87C-11CD-4EE9-9C06-8A6C449D48E0}.Release|Any CPU.Build.0 = Release|Any CPU
		{0E59B26D-D88D-4858-A77F-514BFD735A83}.Debug|Any CPU.ActiveCfg = Debug|Any CPU
		{0E59B26D-D88D-4858-A77F-514BFD735A83}.Debug|Any CPU.Build.0 = Debug|Any CPU
		{0E59B26D-D88D-4858-A77F-514BFD735A83}.Release|Any CPU.ActiveCfg = Release|Any CPU
		{0E59B26D-D88D-4858-A77F-514BFD735A83}.Release|Any CPU.Build.0 = Release|Any CPU
		{046BA72B-394C-4087-A648-911658428272}.Debug|Any CPU.ActiveCfg = Debug|Any CPU
		{046BA72B-394C-4087-A648-911658428272}.Debug|Any CPU.Build.0 = Debug|Any CPU
		{046BA72B-394C-4087-A648-911658428272}.Release|Any CPU.ActiveCfg = Release|Any CPU
		{046BA72B-394C-4087-A648-911658428272}.Release|Any CPU.Build.0 = Release|Any CPU
		{498E534E-DD3C-4250-B1CD-B399602927B7}.Debug|Any CPU.ActiveCfg = Debug|Any CPU
		{498E534E-DD3C-4250-B1CD-B399602927B7}.Debug|Any CPU.Build.0 = Debug|Any CPU
		{498E534E-DD3C-4250-B1CD-B399602927B7}.Release|Any CPU.ActiveCfg = Release|Any CPU
		{498E534E-DD3C-4250-B1CD-B399602927B7}.Release|Any CPU.Build.0 = Release|Any CPU
		{3F4BA1FC-7BEB-4E53-A29C-EC4AA0B02C9C}.Debug|Any CPU.ActiveCfg = Debug|Any CPU
		{3F4BA1FC-7BEB-4E53-A29C-EC4AA0B02C9C}.Debug|Any CPU.Build.0 = Debug|Any CPU
		{3F4BA1FC-7BEB-4E53-A29C-EC4AA0B02C9C}.Release|Any CPU.ActiveCfg = Release|Any CPU
		{3F4BA1FC-7BEB-4E53-A29C-EC4AA0B02C9C}.Release|Any CPU.Build.0 = Release|Any CPU
		{824A1107-3D84-4E8E-B4F7-7506AE47D1FE}.Debug|Any CPU.ActiveCfg = Debug|Any CPU
		{824A1107-3D84-4E8E-B4F7-7506AE47D1FE}.Debug|Any CPU.Build.0 = Debug|Any CPU
		{824A1107-3D84-4E8E-B4F7-7506AE47D1FE}.Release|Any CPU.ActiveCfg = Release|Any CPU
		{824A1107-3D84-4E8E-B4F7-7506AE47D1FE}.Release|Any CPU.Build.0 = Release|Any CPU
	EndGlobalSection
	GlobalSection(SolutionProperties) = preSolution
		HideSolutionNode = FALSE
	EndGlobalSection
	GlobalSection(NestedProjects) = preSolution
		{FC2E4639-E2B6-4051-BC89-AED72862E329} = {02EA681E-C7D8-13C7-8484-4AC65E1B71E8}
		{9CB65E09-2ACA-42EE-BE22-DC566863A99D} = {02EA681E-C7D8-13C7-8484-4AC65E1B71E8}
		{8F991B17-4773-41A7-AC1D-701A689E058C} = {02EA681E-C7D8-13C7-8484-4AC65E1B71E8}
		{8A644763-613F-418A-BCEE-67F0A79A5D98} = {DD499162-0F7D-4E4B-AE56-F759ACD400BC}
		{849DB9B9-7B1C-4FA1-BA14-C116C26234BE} = {DD499162-0F7D-4E4B-AE56-F759ACD400BC}
		{D9E8F965-4EA5-426E-A85D-CF6162F5317E} = {DD499162-0F7D-4E4B-AE56-F759ACD400BC}
		{53605DBB-9E79-460E-B0A7-51F21DCD4526} = {FC97A050-FFBF-48C6-8D5F-2343CDE3FA6D}
		{78ABE6DA-B39B-4EC8-8C04-F43F0EB3019F} = {FC97A050-FFBF-48C6-8D5F-2343CDE3FA6D}
		{0EBE058B-9A65-4B6F-941B-7C7BE60215CE} = {FC97A050-FFBF-48C6-8D5F-2343CDE3FA6D}
		{426DA87C-11CD-4EE9-9C06-8A6C449D48E0} = {AEA0F2F8-FE52-4E51-80B3-02963490C003}
		{0E59B26D-D88D-4858-A77F-514BFD735A83} = {AEA0F2F8-FE52-4E51-80B3-02963490C003}
		{046BA72B-394C-4087-A648-911658428272} = {AEA0F2F8-FE52-4E51-80B3-02963490C003}
		{498E534E-DD3C-4250-B1CD-B399602927B7} = {B886AC06-E08E-42BE-B56C-D27A36483E99}
		{3F4BA1FC-7BEB-4E53-A29C-EC4AA0B02C9C} = {B886AC06-E08E-42BE-B56C-D27A36483E99}
		{824A1107-3D84-4E8E-B4F7-7506AE47D1FE} = {B886AC06-E08E-42BE-B56C-D27A36483E99}
	EndGlobalSection
	GlobalSection(ExtensibilityGlobals) = postSolution
		SolutionGuid = {F460D318-7DE9-4BCA-8899-6D416427C40D}
	EndGlobalSection
EndGlobal
